<?xml version="1.0" encoding="utf-8"?>
<Project ToolsVersion="4.0" xmlns="http://schemas.microsoft.com/developer/msbuild/2003">
  <ItemGroup>
    <Filter Include="Engine">
      <UniqueIdentifier>{A94319AD-6DFD-7E3D-E1E6-AF41A5B0D3E7}</UniqueIdentifier>
    </Filter>
    <Filter Include="Engine\2d">
      <UniqueIdentifier>{9AEE6129-CC10-A8A4-1C6F-5AB4B74E6852}</UniqueIdentifier>
    </Filter>
    <Filter Include="Engine\2d\Text">
      <UniqueIdentifier>{39AD2835-AAAD-9C3F-BBCC-762BF46A9F1C}</UniqueIdentifier>
    </Filter>
    <Filter Include="Engine\2d\ui">
      <UniqueIdentifier>{079C5DB3-7D69-C6BA-EBA7-25358E069D61}</UniqueIdentifier>
    </Filter>
    <Filter Include="Engine\3d">
      <UniqueIdentifier>{2649DB02-0415-487A-D135-F7514ACC56DB}</UniqueIdentifier>
    </Filter>
    <Filter Include="Engine\3d\Animation">
      <UniqueIdentifier>{ECB4C3EE-D717-0BA3-B330-0C0001040AE3}</UniqueIdentifier>
    </Filter>
    <Filter Include="Engine\3d\camera">
      <UniqueIdentifier>{669F004B-C3DE-0BD8-2160-02A55474DA14}</UniqueIdentifier>
    </Filter>
    <Filter Include="Engine\3d\camera\debug">
      <UniqueIdentifier>{26BCA4B6-DC9D-5657-D54B-65CB8D3EAC4C}</UniqueIdentifier>
    </Filter>
    <Filter Include="Engine\3d\camera\follow">
      <UniqueIdentifier>{496E2F52-74DD-99DE-8BA3-9EB0F12D0837}</UniqueIdentifier>
    </Filter>
    <Filter Include="Engine\3d\camera\projection">
      <UniqueIdentifier>{B0154A1B-B887-4B65-2D61-486D7C2C9B56}</UniqueIdentifier>
    </Filter>
    <Filter Include="Engine\3d\attachment">
      <UniqueIdentifier>{8B2C41D7-5A6E-4F19-9C33-7E1A2D4B6F80}</UniqueIdentifier>
    </Filter>
    <Filter Include="Engine\3d\Light">
      <UniqueIdentifier>{1FE9D53E-A09E-9E03-62F6-E8AD8DC44413}</UniqueIdentifier>
    </Filter>
    <Filter Include="Engine\3d\line">
      <UniqueIdentifier>{7303F2DD-6A92-73FE-408A-63041F972F21}</UniqueIdentifier>
    </Filter>
    <Filter Include="Engine\3d\metaball">
      <UniqueIdentifier>{1DDEE0E6-A43A-8A51-3D8E-C55771A9E631}</UniqueIdentifier>
    </Filter>
    <Filter Include="Engine\3d\Model">
      <UniqueIdentifier>{73B6E484-EDDA-F559-42D1-0D3214057CEA}</UniqueIdentifier>
    </Filter>
    <Filter Include="Engine\3d\Model\Material">
      <UniqueIdentifier>{76D54D51-3597-CA38-63F5-5A44CE2F6F8C}</UniqueIdentifier>
    </Filter>
    <Filter Include="Engine\3d\Model\Mesh">
      <UniqueIdentifier>{E26A7182-05A6-692C-0806-0918B2515F6D}</UniqueIdentifier>
    </Filter>
    <Filter Include="Engine\3d\Object">
      <UniqueIdentifier>{B0C4618C-48F9-5138-2272-08CDBC4ED6A9}</UniqueIdentifier>
    </Filter>
    <Filter Include="Engine\3d\Object\Base">
      <UniqueIdentifier>{300C0CBA-E782-0A7E-1E9A-A68E581B4C70}</UniqueIdentifier>
    </Filter>
    <Filter Include="Engine\3d\particle">
      <UniqueIdentifier>{6F23EA8B-8CF5-9326-1A7F-B27FDCC740DA}</UniqueIdentifier>
    </Filter>
    <Filter Include="Engine\3d\particle\gpu">
      <UniqueIdentifier>{F96B408B-978A-424C-FCBC-9F0BFC29D006}</UniqueIdentifier>
    </Filter>
    <Filter Include="Engine\3d\Primitive">
      <UniqueIdentifier>{CEBC53F5-57D8-C09F-70A9-5CD2D0181A21}</UniqueIdentifier>
    </Filter>
    <Filter Include="Engine\3d\Shadow">
      <UniqueIdentifier>{ABBAD9E5-BE3B-AA40-3109-B196A26B2E61}</UniqueIdentifier>
    </Filter>
    <Filter Include="Engine\3d\SkyBox">
      <UniqueIdentifier>{9CD3F551-14F3-D87D-C736-E33D203D4CAE}</UniqueIdentifier>
    </Filter>
    <Filter Include="Engine\3d\Transform">
      <UniqueIdentifier>{F5CF3711-F7AE-FB38-CBE9-C9E7C3C83A9B}</UniqueIdentifier>
    </Filter>
    <Filter Include="Engine\Audio">
      <UniqueIdentifier>{1EB48751-5FBB-6CAA-C50B-E2D4D162E113}</UniqueIdentifier>
    </Filter>
    <Filter Include="Engine\Base">
      <UniqueIdentifier>{A40AFCF0-A0E9-D94B-B408-73FDB1A4BF2B}</UniqueIdentifier>
    </Filter>
    <Filter Include="Engine\Base\Command">
      <UniqueIdentifier>{E1200C89-AE62-5288-4000-8A4395D62B97}</UniqueIdentifier>
    </Filter>
    <Filter Include="Engine\Base\Device">
      <UniqueIdentifier>{644D5D94-38AE-819B-DE1E-72D7C04DB95F}</UniqueIdentifier>
    </Filter>
    <Filter Include="Engine\Base\Frame">
      <UniqueIdentifier>{D302B99A-BFD3-0EE1-951F-E76AF4CA3155}</UniqueIdentifier>
    </Filter>
    <Filter Include="Engine\Base\Resource">
      <UniqueIdentifier>{D489DF2B-4D2D-3315-323B-B641C7043636}</UniqueIdentifier>
    </Filter>
    <Filter Include="Engine\Base\Shader">
      <UniqueIdentifier>{EE7043DB-EB80-A25F-B06C-766B13BA8418}</UniqueIdentifier>
    </Filter>
    <Filter Include="Engine\Base\SwapChain">
      <UniqueIdentifier>{23382CE6-7FAE-48EF-3B78-3B2E4876C59F}</UniqueIdentifier>
    </Filter>
    <Filter Include="Engine\base\window">
      <UniqueIdentifier>{8CE130D6-0D39-EC0B-C66D-210F9BAD3EEB}</UniqueIdentifier>
    </Filter>
    <Filter Include="Engine\Core">
      <UniqueIdentifier>{19B603D2-AFC9-1E1E-A9DC-6DA6DD485BB5}</UniqueIdentifier>
    </Filter>
    <Filter Include="Engine\EngineAssets">
      <UniqueIdentifier>{3668CF31-5911-82FB-247A-83B0C515E07C}</UniqueIdentifier>
    </Filter>
    <Filter Include="Engine\EngineAssets\fonts">
      <UniqueIdentifier>{2CE39456-26F6-7449-3A05-5C106103CB9C}</UniqueIdentifier>
    </Filter>
    <Filter Include="Engine\EngineAssets\shaders">
      <UniqueIdentifier>{106BB4FD-551F-55C6-EB89-CA880A2DE593}</UniqueIdentifier>
    </Filter>
    <Filter Include="Engine\EngineAssets\shaders\Deferred">
      <UniqueIdentifier>{178A483C-0E20-A8CE-79F4-6203029D5E69}</UniqueIdentifier>
    </Filter>
    <Filter Include="Engine\EngineAssets\shaders\Line">
      <UniqueIdentifier>{04C335C2-B12B-227E-B7A0-A88EAD007076}</UniqueIdentifier>
    </Filter>
    <Filter Include="Engine\EngineAssets\shaders\Object">
      <UniqueIdentifier>{6CA3F58A-FC51-C2B1-373B-E9803AC95551}</UniqueIdentifier>
    </Filter>
    <Filter Include="Engine\EngineAssets\shaders\OffScreen">
      <UniqueIdentifier>{D6EA6CC8-855F-7E67-E34D-E21CD7E403C2}</UniqueIdentifier>
    </Filter>
    <Filter Include="Engine\EngineAssets\shaders\Particle">
      <UniqueIdentifier>{E660F839-0E52-08A2-BC0E-4CA14E6EB507}</UniqueIdentifier>
    </Filter>
    <Filter Include="Engine\EngineAssets\shaders\Particle\CSParticle">
      <UniqueIdentifier>{87C3B7F0-8779-59FD-EF4B-E8FA0A1237B4}</UniqueIdentifier>
    </Filter>
    <Filter Include="Engine\EngineAssets\shaders\Random">
      <UniqueIdentifier>{22F4E887-6E98-4C9A-B9D0-D84C50837BE2}</UniqueIdentifier>
    </Filter>
    <Filter Include="Engine\EngineAssets\shaders\Shadow">
      <UniqueIdentifier>{C473B7FE-4697-86EA-32E4-67477DFB9AF5}</UniqueIdentifier>
    </Filter>
    <Filter Include="Engine\EngineAssets\shaders\Skinning">
      <UniqueIdentifier>{20C7ADEE-1C8B-F56D-B357-24B3F051FEE4}</UniqueIdentifier>
    </Filter>
    <Filter Include="Engine\EngineAssets\shaders\Skybox">
      <UniqueIdentifier>{58D64E3C-4687-C845-27FD-9667FEB788CA}</UniqueIdentifier>
    </Filter>
    <Filter Include="Engine\EngineAssets\shaders\Sprite">
      <UniqueIdentifier>{6D092838-C3C8-28A7-6DB9-0E4258F154BC}</UniqueIdentifier>
    </Filter>
    <Filter Include="Engine\Frame">
      <UniqueIdentifier>{402F31DA-6C75-487C-E407-2D839036FB55}</UniqueIdentifier>
    </Filter>
    <Filter Include="Engine\Input">
      <UniqueIdentifier>{136DBE9B-FEE3-8E8F-8035-96A9E620CCEB}</UniqueIdentifier>
    </Filter>
    <Filter Include="Engine\Math">
      <UniqueIdentifier>{2B780DAE-6AF6-2D8F-455F-3576B53A8758}</UniqueIdentifier>
    </Filter>
    <Filter Include="Engine\Math\type">
      <UniqueIdentifier>{F31A5F74-246E-1F73-E412-C8C1F0F7BD00}</UniqueIdentifier>
    </Filter>
    <Filter Include="Engine\offscreen">
      <UniqueIdentifier>{892D683F-C7F1-B3E4-5793-9A4B9C925EA8}</UniqueIdentifier>
    </Filter>
    <Filter Include="Engine\offscreen\effect">
      <UniqueIdentifier>{72C867C0-0B24-0963-29D3-67E842AAFEE3}</UniqueIdentifier>
    </Filter>
    <Filter Include="Engine\Render">
      <UniqueIdentifier>{05B8B7DD-6B11-9CFE-2521-DB8830F5A138}</UniqueIdentifier>
    </Filter>
    <Filter Include="Engine\render\deferred">
      <UniqueIdentifier>{DCCD2B60-B4F0-1726-8716-4D44771C0FD8}</UniqueIdentifier>
    </Filter>
    <Filter Include="Engine\Scene">
      <UniqueIdentifier>{0D8826BF-F7C3-8DD2-02A3-E8A58D53AC00}</UniqueIdentifier>
    </Filter>
    <Filter Include="Engine\utility">
      <UniqueIdentifier>{B0D4B2E3-7B33-7843-C050-284BA5711931}</UniqueIdentifier>
    </Filter>
    <Filter Include="Engine\Utility\Asset">
      <UniqueIdentifier>{4413E709-FC33-F14F-DEFD-E429EF238851}</UniqueIdentifier>
    </Filter>
    <Filter Include="Engine\utility\browser">
      <UniqueIdentifier>{94669DDC-375D-F65E-ED99-3ABC3826C5B8}</UniqueIdentifier>
    </Filter>
    <Filter Include="Engine\Utility\Collider">
      <UniqueIdentifier>{D2EF5A7B-2C1E-987B-32E7-534AD0B88EE5}</UniqueIdentifier>
    </Filter>
    <Filter Include="Engine\Utility\Collider\type">
      <UniqueIdentifier>{379B2A99-FC39-6A2B-4008-90813C82384B}</UniqueIdentifier>
    </Filter>
    <Filter Include="Engine\Utility\Data">
      <UniqueIdentifier>{8ECB9E9D-0FD9-4B5E-4DB1-73200DFF4568}</UniqueIdentifier>
    </Filter>
    <Filter Include="Engine\utility\debug">
      <UniqueIdentifier>{1B473AFB-CAED-EE71-0D8C-1EB6FA2529EE}</UniqueIdentifier>
    </Filter>
    <Filter Include="Engine\utility\debug\imgui">
      <UniqueIdentifier>{0AB5C9BC-ECAA-B936-4C19-D9C0F509D850}</UniqueIdentifier>
    </Filter>
    <Filter Include="Engine\utility\debug\leak">
      <UniqueIdentifier>{D4BC1873-DB13-6344-7A1F-DE7A9587C57C}</UniqueIdentifier>
    </Filter>
    <Filter Include="Engine\Utility\Debug\Log">
      <UniqueIdentifier>{428B71D9-6589-4B81-53F1-4F7EE75888B6}</UniqueIdentifier>
    </Filter>
    <Filter Include="Engine\utility\debug\param">
      <UniqueIdentifier>{C02BD680-59D4-8961-88ED-50B08BE62DC8}</UniqueIdentifier>
    </Filter>
    <Filter Include="Engine\utility\debug\profiler">
      <UniqueIdentifier>{CA61B825-826B-3E6E-B19C-0667BB1594D0}</UniqueIdentifier>
    </Filter>
    <Filter Include="Engine\utility\edit">
      <UniqueIdentifier>{1993C1C5-0B13-CD69-7649-B15F096555D6}</UniqueIdentifier>
    </Filter>
    <Filter Include="Engine\utility\edit\motion">
      <UniqueIdentifier>{82F5EE7A-FF07-2762-15F2-1C0AA05E9998}</UniqueIdentifier>
    </Filter>
    <Filter Include="Engine\Utility\edit\play">
      <UniqueIdentifier>{FFF53E9A-A314-E84C-65B5-DEF9616F9AED}</UniqueIdentifier>
    </Filter>
    <Filter Include="Engine\utility\edit\shortcut">
      <UniqueIdentifier>{A0427126-9C05-DAD7-0B82-AB10ADE4631B}</UniqueIdentifier>
    </Filter>
    <Filter Include="Engine\utility\edit\undo">
      <UniqueIdentifier>{BD97E5A4-6F79-0995-2336-29AA694C67AD}</UniqueIdentifier>
    </Filter>
    <Filter Include="Engine\Utility\Graphics">
      <UniqueIdentifier>{EF640BFF-5CB9-85B1-BCC5-19BFAF9637F9}</UniqueIdentifier>
    </Filter>
    <Filter Include="Engine\Utility\Graphics\Dsv">
      <UniqueIdentifier>{D64BF175-6FC1-607F-C208-E4D1C00168C0}</UniqueIdentifier>
    </Filter>
    <Filter Include="Engine\Utility\Graphics\Model">
      <UniqueIdentifier>{8999546F-5F5C-D78E-F7E0-721989F56A2B}</UniqueIdentifier>
    </Filter>
    <Filter Include="Engine\Utility\Graphics\PipeLine">
      <UniqueIdentifier>{D6B9B744-2E4C-1DFA-5A57-87F1E14BE7C1}</UniqueIdentifier>
    </Filter>
    <Filter Include="Engine\Utility\Graphics\Rtv">
      <UniqueIdentifier>{59A1D1F9-37B5-EED8-3386-32F71417DAE9}</UniqueIdentifier>
    </Filter>
    <Filter Include="Engine\Utility\Graphics\Srv">
      <UniqueIdentifier>{57A55430-59C4-8B83-4DCC-E0C6A09E6398}</UniqueIdentifier>
    </Filter>
    <Filter Include="Engine\Utility\Graphics\Texture">
      <UniqueIdentifier>{A7CFF22B-E1F6-3FE3-A082-ECD4806761A6}</UniqueIdentifier>
    </Filter>
    <Filter Include="Engine\utility\loader">
      <UniqueIdentifier>{20050CA1-054D-D77D-6073-F609E2D4A2E0}</UniqueIdentifier>
    </Filter>
    <Filter Include="Engine\utility\loader\csv">
      <UniqueIdentifier>{B974C9B8-352C-C979-C2C1-2DA1543B6B1C}</UniqueIdentifier>
    </Filter>
    <Filter Include="Engine\Utility\Scene">
      <UniqueIdentifier>{FC31B910-F03B-1758-A2B5-0BF1853916B9}</UniqueIdentifier>
    </Filter>
    <Filter Include="Engine\Utility\String">
      <UniqueIdentifier>{DA1C8851-0678-D4FE-143A-9A6A8BBFC624}</UniqueIdentifier>
    </Filter>
    <Filter Include="externals">
      <UniqueIdentifier>{C949F80B-83EB-3C32-8ED9-8542AA0968A6}</UniqueIdentifier>
    </Filter>
    <Filter Include="externals\imgui">
      <UniqueIdentifier>{247FD816-E10D-AD04-E487-DC143C315049}</UniqueIdentifier>
    </Filter>
  </ItemGroup>
  <ItemGroup>
    <ClCompile Include="Engine\2d\Sprite.cpp">
      <Filter>Engine\2d</Filter>
    </ClCompile>
    <ClCompile Include="Engine\2d\SpriteCommon.cpp">
      <Filter>Engine\2d</Filter>
    </ClCompile>
    <ClCompile Include="Engine\2d\SpriteManager.cpp">
      <Filter>Engine\2d</Filter>
    </ClCompile>
    <ClCompile Include="Engine\2d\Text\TextRenderer.cpp">
      <Filter>Engine\2d\Text</Filter>
    </ClCompile>
    <ClCompile Include="Engine\2d\ui\UIAnimator.cpp">
      <Filter>Engine\2d\ui</Filter>
    </ClCompile>
    <ClCompile Include="Engine\3d\Animation\AnimationController.cpp">
      <Filter>Engine\3d\Animation</Filter>
    </ClCompile>
    <ClCompile Include="Engine\3d\Animation\Animator.cpp">
      <Filter>Engine\3d\Animation</Filter>
    </ClCompile>
    <ClCompile Include="Engine\3d\Animation\Bone.cpp">
      <Filter>Engine\3d\Animation</Filter>
    </ClCompile>
    <ClCompile Include="Engine\3d\Animation\ModelAnimation.cpp">
      <Filter>Engine\3d\Animation</Filter>
    </ClCompile>
    <ClCompile Include="Engine\3d\Animation\Skin.cpp">
      <Filter>Engine\3d\Animation</Filter>
    </ClCompile>
    <ClCompile Include="Engine\3d\camera\Camera.cpp">
      <Filter>Engine\3d\camera</Filter>
    </ClCompile>
    <ClCompile Include="Engine\3d\camera\CameraManager.cpp">
      <Filter>Engine\3d\camera</Filter>
    </ClCompile>
    <ClCompile Include="Engine\3d\camera\debug\DebugCamera.cpp">
      <Filter>Engine\3d\camera\debug</Filter>
    </ClCompile>
    <ClCompile Include="Engine\3d\camera\follow\BaseFollowCamera.cpp">
      <Filter>Engine\3d\camera\follow</Filter>
    </ClCompile>
    <ClCompile Include="Engine\3d\camera\projection\ViewProjection.cpp">
      <Filter>Engine\3d\camera\projection</Filter>
    </ClCompile>
    <ClCompile Include="Engine\3d\Light\LightGroup.cpp">
      <Filter>Engine\3d\Light</Filter>
    </ClCompile>
    <ClCompile Include="Engine\3d\attachment\AttachmentManager.cpp">
      <Filter>Engine\3d\attachment</Filter>
    </ClCompile>
    <ClCompile Include="Engine\3d\Light\DirectionalLight.cpp">
      <Filter>Engine\3d\Light</Filter>
    </ClCompile>
    <ClCompile Include="Engine\3d\Light\PointLightGroup.cpp">
      <Filter>Engine\3d\Light</Filter>
    </ClCompile>
    <ClCompile Include="Engine\3d\Light\SpotLightGroup.cpp">
      <Filter>Engine\3d\Light</Filter>
    </ClCompile>
    <ClCompile Include="Engine\3d\Light\ToonSettings.cpp">
      <Filter>Engine\3d\Light</Filter>
    </ClCompile>
    <ClCompile Include="Engine\3d\Line\DrawLine3D.cpp">
      <Filter>Engine\3d\Line</Filter>
    </ClCompile>
    <ClCompile Include="Engine\3d\line\LineRenderer.cpp">
      <Filter>Engine\3d\line</Filter>
    </ClCompile>
    <ClCompile Include="Engine\3d\metaball\MetaBall.cpp">
      <Filter>Engine\3d\metaball</Filter>
    </ClCompile>
    <ClCompile Include="Engine\3d\metaball\MetaBallGroupManager.cpp">
      <Filter>Engine\3d\metaball</Filter>
    </ClCompile>
    <ClCompile Include="Engine\3d\metaball\MetaBallObject.cpp">
      <Filter>Engine\3d\metaball</Filter>
    </ClCompile>
    <ClCompile Include="Engine\3d\Model\Material\Material.cpp">
      <Filter>Engine\3d\Model\Material</Filter>
    </ClCompile>
    <ClCompile Include="Engine\3d\Model\Mesh\Mesh.cpp">
      <Filter>Engine\3d\Model\Mesh</Filter>
    </ClCompile>
    <ClCompile Include="Engine\3d\Model\Model.cpp">
      <Filter>Engine\3d\Model</Filter>
    </ClCompile>
    <ClCompile Include="Engine\3d\Model\ModelCommon.cpp">
      <Filter>Engine\3d\Model</Filter>
    </ClCompile>
    <ClCompile Include="Engine\3d\Object\Base\BaseObject.cpp">
      <Filter>Engine\3d\Object\Base</Filter>
    </ClCompile>
    <ClCompile Include="Engine\3d\object\base\BaseObjectCollider.cpp">
      <Filter>Engine\3d\object\base</Filter>
    </ClCompile>
    <ClCompile Include="Engine\3d\object\base\BaseObjectImGui.cpp">
      <Filter>Engine\3d\object\base</Filter>
    </ClCompile>
    <ClCompile Include="Engine\3d\object\base\BaseObjectImGuiCollider.cpp">
      <Filter>Engine\3d\object\base</Filter>
    </ClCompile>
    <ClCompile Include="Engine\3d\Object\Base\BaseObjectManager.cpp">
      <Filter>Engine\3d\Object\Base</Filter>
    </ClCompile>
    <ClCompile Include="Engine\3d\object\base\BaseObjectSerialize.cpp">
      <Filter>Engine\3d\object\base</Filter>
    </ClCompile>
    <ClCompile Include="Engine\3d\Object\Object3d.cpp">
      <Filter>Engine\3d\Object</Filter>
    </ClCompile>
    <ClCompile Include="Engine\3d\Object\Object3dCommon.cpp">
      <Filter>Engine\3d\Object</Filter>
    </ClCompile>
    <ClCompile Include="Engine\3d\object\Object3dInstancing.cpp">
      <Filter>Engine\3d\object</Filter>
    </ClCompile>
    <ClCompile Include="Engine\3d\particle\gpu\ParticleCSEditor.cpp">
      <Filter>Engine\3d\particle\gpu</Filter>
    </ClCompile>
    <ClCompile Include="Engine\3d\particle\gpu\ParticleCSEmitter.cpp">
      <Filter>Engine\3d\particle\gpu</Filter>
    </ClCompile>
    <ClCompile Include="Engine\3d\Particle\gpu\ParticleCSEmitterImGui.cpp">
      <Filter>Engine\3d\Particle\gpu</Filter>
    </ClCompile>
    <ClCompile Include="Engine\3d\Particle\gpu\ParticleCSEmitterSerialize.cpp">
      <Filter>Engine\3d\Particle\gpu</Filter>
    </ClCompile>
    <ClCompile Include="Engine\3d\particle\gpu\ParticleCSFieldManager.cpp">
      <Filter>Engine\3d\particle\gpu</Filter>
    </ClCompile>
    <ClCompile Include="Engine\3d\particle\gpu\ParticleCSGroup.cpp">
      <Filter>Engine\3d\particle\gpu</Filter>
    </ClCompile>
    <ClCompile Include="Engine\3d\Particle\gpu\ParticleCSGroupImGui.cpp">
      <Filter>Engine\3d\Particle\gpu</Filter>
    </ClCompile>
    <ClCompile Include="Engine\3d\particle\gpu\ParticleCSGroupManager.cpp">
      <Filter>Engine\3d\particle\gpu</Filter>
    </ClCompile>
    <ClCompile Include="Engine\3d\particle\gpu\ParticleCSSpawner.cpp">
      <Filter>Engine\3d\particle\gpu</Filter>
    </ClCompile>
    <ClCompile Include="Engine\3d\Particle\ParticleCommon.cpp">
      <Filter>Engine\3d\Particle</Filter>
    </ClCompile>
    <ClCompile Include="Engine\3d\Particle\ParticleEditor.cpp">
      <Filter>Engine\3d\Particle</Filter>
    </ClCompile>
    <ClCompile Include="Engine\3d\Particle\ParticleEmitter.cpp">
      <Filter>Engine\3d\Particle</Filter>
    </ClCompile>
    <ClCompile Include="Engine\3d\Particle\ParticleGroup.cpp">
      <Filter>Engine\3d\Particle</Filter>
    </ClCompile>
    <ClCompile Include="Engine\3d\Particle\ParticleGroupManager.cpp">
      <Filter>Engine\3d\Particle</Filter>
    </ClCompile>
    <ClCompile Include="Engine\3d\Particle\ParticleManager.cpp">
      <Filter>Engine\3d\Particle</Filter>
    </ClCompile>
    <ClCompile Include="Engine\3d\Particle\ParticleStruct.cpp">
      <Filter>Engine\3d\Particle</Filter>
    </ClCompile>
    <ClCompile Include="Engine\3d\Primitive\PrimitiveModel.cpp">
      <Filter>Engine\3d\Primitive</Filter>
    </ClCompile>
    <ClCompile Include="Engine\3d\Shadow\ShadowMap.cpp">
      <Filter>Engine\3d\Shadow</Filter>
    </ClCompile>
    <ClCompile Include="Engine\3d\SkyBox\SkyBox.cpp">
      <Filter>Engine\3d\SkyBox</Filter>
    </ClCompile>
    <ClCompile Include="Engine\3d\Transform\ObjColor.cpp">
      <Filter>Engine\3d\Transform</Filter>
    </ClCompile>
    <ClCompile Include="Engine\3d\Transform\WorldTransform.cpp">
      <Filter>Engine\3d\Transform</Filter>
    </ClCompile>
    <ClCompile Include="Engine\Audio\Audio.cpp">
      <Filter>Engine\Audio</Filter>
    </ClCompile>
    <ClCompile Include="Engine\Base\Command\DXCommandList.cpp">
      <Filter>Engine\Base\Command</Filter>
    </ClCompile>
    <ClCompile Include="Engine\Base\Command\DXCommandQueue.cpp">
      <Filter>Engine\Base\Command</Filter>
    </ClCompile>
    <ClCompile Include="Engine\Base\Device\DXDevice.cpp">
      <Filter>Engine\Base\Device</Filter>
    </ClCompile>
    <ClCompile Include="Engine\Base\DirectXCommon.cpp">
      <Filter>Engine\Base</Filter>
    </ClCompile>
    <ClCompile Include="Engine\Base\Frame\FrameRateLimiter.cpp">
      <Filter>Engine\Base\Frame</Filter>
    </ClCompile>
    <ClCompile Include="Engine\Base\Resource\ResourceFactory.cpp">
      <Filter>Engine\Base\Resource</Filter>
    </ClCompile>
    <ClCompile Include="Engine\Base\Shader\ShaderCompiler.cpp">
      <Filter>Engine\Base\Shader</Filter>
    </ClCompile>
    <ClCompile Include="Engine\Base\SwapChain\DXSwapChain.cpp">
      <Filter>Engine\Base\SwapChain</Filter>
    </ClCompile>
    <ClCompile Include="Engine\base\window\WinApp.cpp">
      <Filter>Engine\base\window</Filter>
    </ClCompile>
    <ClCompile Include="Engine\Core\Framework.cpp">
      <Filter>Engine\Core</Filter>
    </ClCompile>
    <ClCompile Include="Engine\Frame\Frame.cpp">
      <Filter>Engine\Frame</Filter>
    </ClCompile>
    <ClCompile Include="Engine\Input\GamePad.cpp">
      <Filter>Engine\Input</Filter>
    </ClCompile>
    <ClCompile Include="Engine\Input\Input.cpp">
      <Filter>Engine\Input</Filter>
    </ClCompile>
    <ClCompile Include="Engine\Input\Mouse.cpp">
      <Filter>Engine\Input</Filter>
    </ClCompile>
    <ClCompile Include="Engine\Math\Easing.cpp">
      <Filter>Engine\Math</Filter>
    </ClCompile>
    <ClCompile Include="Engine\Math\MyMath.cpp">
      <Filter>Engine\Math</Filter>
    </ClCompile>
    <ClCompile Include="Engine\Math\Random.cpp">
      <Filter>Engine\Math</Filter>
    </ClCompile>
    <ClCompile Include="Engine\Math\type\Quaternion.cpp">
      <Filter>Engine\Math\type</Filter>
    </ClCompile>
    <ClCompile Include="Engine\offscreen\effect\PostEffectChain.cpp">
      <Filter>Engine\offscreen\effect</Filter>
    </ClCompile>
    <ClCompile Include="Engine\offscreen\effect\PostEffectDataManager.cpp">
      <Filter>Engine\offscreen\effect</Filter>
    </ClCompile>
    <ClCompile Include="Engine\offscreen\effect\PostEffectParameters.cpp">
      <Filter>Engine\offscreen\effect</Filter>
    </ClCompile>
    <ClCompile Include="Engine\offscreen\effect\PostEffectParamsImpl.cpp">
      <Filter>Engine\offscreen\effect</Filter>
    </ClCompile>
    <ClCompile Include="Engine\offscreen\effect\PostEffectRenderer.cpp">
      <Filter>Engine\offscreen\effect</Filter>
    </ClCompile>
    <ClCompile Include="Engine\OffScreen\OffScreen.cpp">
      <Filter>Engine\OffScreen</Filter>
    </ClCompile>
    <ClCompile Include="Engine\OffScreen\RendererBuffer.cpp">
      <Filter>Engine\OffScreen</Filter>
    </ClCompile>
    <ClCompile Include="Engine\render\deferred\DeferredRenderer.cpp">
      <Filter>Engine\render\deferred</Filter>
    </ClCompile>
    <ClCompile Include="Engine\Render\DrawSystem.cpp">
      <Filter>Engine\Render</Filter>
    </ClCompile>
    <ClCompile Include="Engine\Scene\BaseScene.cpp">
      <Filter>Engine\Scene</Filter>
    </ClCompile>
    <ClCompile Include="Engine\Utility\Asset\AssetPath.cpp">
      <Filter>Engine\Utility\Asset</Filter>
    </ClCompile>
    <ClCompile Include="Engine\utility\browser\ShowFolder.cpp">
      <Filter>Engine\utility\browser</Filter>
    </ClCompile>
    <ClCompile Include="Engine\Utility\Collider\ColliderBase.cpp">
      <Filter>Engine\Utility\Collider</Filter>
    </ClCompile>
    <ClCompile Include="Engine\Utility\Collider\ColliderTagManager.cpp">
      <Filter>Engine\Utility\Collider</Filter>
    </ClCompile>
    <ClCompile Include="Engine\Utility\Collider\CollisionManager.cpp">
      <Filter>Engine\Utility\Collider</Filter>
    </ClCompile>
    <ClCompile Include="Engine\Utility\Collider\type\AABBCollider.cpp">
      <Filter>Engine\Utility\Collider\type</Filter>
    </ClCompile>
    <ClCompile Include="Engine\Utility\Collider\type\CylinderCollider.cpp">
      <Filter>Engine\Utility\Collider\type</Filter>
    </ClCompile>
    <ClCompile Include="Engine\Utility\Collider\type\MeshCollider.cpp">
      <Filter>Engine\Utility\Collider\type</Filter>
    </ClCompile>
    <ClCompile Include="Engine\Utility\Collider\type\OBBCollider.cpp">
      <Filter>Engine\Utility\Collider\type</Filter>
    </ClCompile>
    <ClCompile Include="Engine\Utility\Collider\type\SphereCollider.cpp">
      <Filter>Engine\Utility\Collider\type</Filter>
    </ClCompile>
    <ClCompile Include="Engine\Utility\Data\DataHandler.cpp">
      <Filter>Engine\Utility\Data</Filter>
    </ClCompile>
    <ClCompile Include="Engine\Utility\debug\imgui\GizmoTarget.cpp">
      <Filter>Engine\Utility\debug\imgui</Filter>
    </ClCompile>
    <ClCompile Include="Engine\utility\debug\imgui\ImGuiManager.cpp">
      <Filter>Engine\utility\debug\imgui</Filter>
    </ClCompile>
    <ClCompile Include="Engine\Utility\Debug\ImGui\ImGuiNotification.cpp">
      <Filter>Engine\Utility\Debug\ImGui</Filter>
    </ClCompile>
    <ClCompile Include="Engine\Utility\Debug\ImGui\ImGuizmoManager.cpp">
      <Filter>Engine\Utility\Debug\ImGui</Filter>
    </ClCompile>
    <ClCompile Include="Engine\Utility\debug\imgui\ImGuizmoManagerDraw.cpp">
      <Filter>Engine\Utility\debug\imgui</Filter>
    </ClCompile>
    <ClCompile Include="Engine\Utility\debug\imgui\ImGuizmoManagerEdit.cpp">
      <Filter>Engine\Utility\debug\imgui</Filter>
    </ClCompile>
    <ClCompile Include="Engine\Utility\debug\imgui\ImGuizmoManagerSelection.cpp">
      <Filter>Engine\Utility\debug\imgui</Filter>
    </ClCompile>
    <ClCompile Include="Engine\Utility\debug\imgui\ImGuizmoManagerUI.cpp">
      <Filter>Engine\Utility\debug\imgui</Filter>
    </ClCompile>
    <ClCompile Include="Engine\utility\debug\leak\D3DResourceLeakChecker.cpp">
      <Filter>Engine\utility\debug\leak</Filter>
    </ClCompile>
    <ClCompile Include="Engine\Utility\Debug\Log\Logger.cpp">
      <Filter>Engine\Utility\Debug\Log</Filter>
    </ClCompile>
    <ClCompile Include="Engine\utility\debug\param\GameParamHub.cpp">
      <Filter>Engine\utility\debug\param</Filter>
    </ClCompile>
    <ClCompile Include="Engine\utility\debug\profiler\CpuProfiler.cpp">
      <Filter>Engine\utility\debug\profiler</Filter>
    </ClCompile>
    <ClCompile Include="Engine\utility\debug\profiler\GpuProfiler.cpp">
      <Filter>Engine\utility\debug\profiler</Filter>
    </ClCompile>
    <ClCompile Include="Engine\Utility\Edit\LevelData.cpp">
      <Filter>Engine\Utility\Edit</Filter>
    </ClCompile>
    <ClCompile Include="Engine\utility\edit\motion\MotionEditor.cpp">
      <Filter>Engine\utility\edit\motion</Filter>
    </ClCompile>
    <ClCompile Include="Engine\Utility\edit\play\PlayModeManager.cpp">
      <Filter>Engine\Utility\edit\play</Filter>
    </ClCompile>
    <ClCompile Include="Engine\utility\edit\shortcut\ShortcutManager.cpp">
      <Filter>Engine\utility\edit\shortcut</Filter>
    </ClCompile>
    <ClCompile Include="Engine\utility\edit\undo\UndoRedoManager.cpp">
      <Filter>Engine\utility\edit\undo</Filter>
    </ClCompile>
    <ClCompile Include="Engine\Utility\Graphics\Dsv\DsvManager.cpp">
      <Filter>Engine\Utility\Graphics\Dsv</Filter>
    </ClCompile>
    <ClCompile Include="Engine\Utility\Graphics\Model\ModelManager.cpp">
      <Filter>Engine\Utility\Graphics\Model</Filter>
    </ClCompile>
    <ClCompile Include="Engine\Utility\graphics\pipeline\ComputeEffectPipeline.cpp">
      <Filter>Engine\Utility\graphics\pipeline</Filter>
    </ClCompile>
    <ClCompile Include="Engine\Utility\Graphics\PipeLine\ComputePipeLineManager.cpp">
      <Filter>Engine\Utility\Graphics\PipeLine</Filter>
    </ClCompile>
    <ClCompile Include="Engine\Utility\Graphics\PipeLine\PipeLineManager.cpp">
      <Filter>Engine\Utility\Graphics\PipeLine</Filter>
    </ClCompile>
    <ClCompile Include="Engine\Utility\graphics\pipeline\PipelineManagerDeferred.cpp">
      <Filter>Engine\Utility\graphics\pipeline</Filter>
    </ClCompile>
    <ClCompile Include="Engine\Utility\graphics\pipeline\PipelineManagerObject3d.cpp">
      <Filter>Engine\Utility\graphics\pipeline</Filter>
    </ClCompile>
    <ClCompile Include="Engine\Utility\graphics\pipeline\PipelineManagerParticle.cpp">
      <Filter>Engine\Utility\graphics\pipeline</Filter>
    </ClCompile>
    <ClCompile Include="Engine\Utility\graphics\pipeline\PipelineManagerPostEffect.cpp">
      <Filter>Engine\Utility\graphics\pipeline</Filter>
    </ClCompile>
    <ClCompile Include="Engine\Utility\graphics\pipeline\PipelineManagerShadowSky.cpp">
      <Filter>Engine\Utility\graphics\pipeline</Filter>
    </ClCompile>
    <ClCompile Include="Engine\Utility\graphics\pipeline\PipelineManagerSprite.cpp">
      <Filter>Engine\Utility\graphics\pipeline</Filter>
    </ClCompile>
    <ClCompile Include="Engine\Utility\graphics\pipeline\ShaderRootSignature.cpp">
      <Filter>Engine\Utility\graphics\pipeline</Filter>
    </ClCompile>
    <ClCompile Include="Engine\Utility\Graphics\Rtv\RtvManager.cpp">
      <Filter>Engine\Utility\Graphics\Rtv</Filter>
    </ClCompile>
    <ClCompile Include="Engine\Utility\Graphics\Srv\SrvManager.cpp">
      <Filter>Engine\Utility\Graphics\Srv</Filter>
    </ClCompile>
    <ClCompile Include="Engine\Utility\Graphics\Texture\TextureManager.cpp">
      <Filter>Engine\Utility\Graphics\Texture</Filter>
    </ClCompile>
    <ClCompile Include="Engine\utility\loader\csv\CsvLoad.cpp">
      <Filter>Engine\utility\loader\csv</Filter>
    </ClCompile>
    <ClCompile Include="Engine\Utility\Scene\SceneManager.cpp">
      <Filter>Engine\Utility\Scene</Filter>
    </ClCompile>
    <ClCompile Include="Engine\Utility\Scene\SceneTransition.cpp">
      <Filter>Engine\Utility\Scene</Filter>
    </ClCompile>
    <ClCompile Include="Engine\Utility\String\StringUtility.cpp">
      <Filter>Engine\Utility\String</Filter>
    </ClCompile>
    <ClCompile Include="externals\imgui\ImCurveEdit.cpp">
      <Filter>externals\imgui</Filter>
    </ClCompile>
    <ClCompile Include="externals\imgui\ImGradient.cpp">
      <Filter>externals\imgui</Filter>
    </ClCompile>
    <ClCompile Include="externals\imgui\imgui_demo.cpp">
      <Filter>externals\imgui</Filter>
    </ClCompile>
    <ClCompile Include="externals\imgui\imgui_draw.cpp">
      <Filter>externals\imgui</Filter>
    </ClCompile>
    <ClCompile Include="externals\imgui\imgui_impl_dx12.cpp">
      <Filter>externals\imgui</Filter>
    </ClCompile>
    <ClCompile Include="externals\imgui\imgui_impl_win32.cpp">
      <Filter>externals\imgui</Filter>
    </ClCompile>
    <ClCompile Include="externals\imgui\imgui_tables.cpp">
      <Filter>externals\imgui</Filter>
    </ClCompile>
    <ClCompile Include="externals\imgui\imgui_widgets.cpp">
      <Filter>externals\imgui</Filter>
    </ClCompile>
    <ClCompile Include="externals\imgui\imgui-knobs.cpp">
      <Filter>externals\imgui</Filter>
    </ClCompile>
    <ClCompile Include="externals\imgui\imgui.cpp">
      <Filter>externals\imgui</Filter>
    </ClCompile>
    <ClCompile Include="externals\imgui\ImGuizmo.cpp">
      <Filter>externals\imgui</Filter>
    </ClCompile>
  </ItemGroup>
  <ItemGroup>
    <ClInclude Include="Engine\2d\Sprite.h">
      <Filter>Engine\2d</Filter>
    </ClInclude>
    <ClInclude Include="Engine\2d\SpriteCommon.h">
      <Filter>Engine\2d</Filter>
    </ClInclude>
    <ClInclude Include="Engine\2d\SpriteManager.h">
      <Filter>Engine\2d</Filter>
    </ClInclude>
    <ClInclude Include="Engine\2d\SpriteStruct.h">
      <Filter>Engine\2d</Filter>
    </ClInclude>
    <ClInclude Include="Engine\2d\Text\TextRenderer.h">
      <Filter>Engine\2d\Text</Filter>
    </ClInclude>
    <ClInclude Include="Engine\2d\ui\UIAnimator.h">
      <Filter>Engine\2d\ui</Filter>
    </ClInclude>
    <ClInclude Include="Engine\3d\Animation\AnimationController.h">
      <Filter>Engine\3d\Animation</Filter>
    </ClInclude>
    <ClInclude Include="Engine\3d\Animation\Animator.h">
      <Filter>Engine\3d\Animation</Filter>
    </ClInclude>
    <ClInclude Include="Engine\3d\Animation\Bone.h">
      <Filter>Engine\3d\Animation</Filter>
    </ClInclude>
    <ClInclude Include="Engine\3d\Animation\ModelAnimation.h">
      <Filter>Engine\3d\Animation</Filter>
    </ClInclude>
    <ClInclude Include="Engine\3d\Animation\Skin.h">
      <Filter>Engine\3d\Animation</Filter>
    </ClInclude>
    <ClInclude Include="Engine\3d\camera\Camera.h">
      <Filter>Engine\3d\camera</Filter>
    </ClInclude>
    <ClInclude Include="Engine\3d\camera\CameraManager.h">
      <Filter>Engine\3d\camera</Filter>
    </ClInclude>
    <ClInclude Include="Engine\3d\camera\debug\DebugCamera.h">
      <Filter>Engine\3d\camera\debug</Filter>
    </ClInclude>
    <ClInclude Include="Engine\3d\camera\follow\BaseFollowCamera.h">
      <Filter>Engine\3d\camera\follow</Filter>
    </ClInclude>
    <ClInclude Include="Engine\3d\camera\projection\ViewProjection.h">
      <Filter>Engine\3d\camera\projection</Filter>
    </ClInclude>
    <ClInclude Include="Engine\3d\Light\LightGroup.h">
      <Filter>Engine\3d\Light</Filter>
    </ClInclude>
    <ClInclude Include="Engine\3d\attachment\AttachmentManager.h">
      <Filter>Engine\3d\attachment</Filter>
    </ClInclude>
    <ClInclude Include="Engine\3d\Light\DirectionalLight.h">
      <Filter>Engine\3d\Light</Filter>
    </ClInclude>
    <ClInclude Include="Engine\3d\Light\LightTypes.h">
      <Filter>Engine\3d\Light</Filter>
    </ClInclude>
    <ClInclude Include="Engine\3d\Light\LightUIHelper.h">
      <Filter>Engine\3d\Light</Filter>
    </ClInclude>
    <ClInclude Include="Engine\3d\Light\PointLightGroup.h">
      <Filter>Engine\3d\Light</Filter>
    </ClInclude>
    <ClInclude Include="Engine\3d\Light\SpotLightGroup.h">
      <Filter>Engine\3d\Light</Filter>
    </ClInclude>
    <ClInclude Include="Engine\3d\Light\ToonSettings.h">
      <Filter>Engine\3d\Light</Filter>
    </ClInclude>
    <ClInclude Include="Engine\3d\Line\DrawLine3D.h">
      <Filter>Engine\3d\Line</Filter>
    </ClInclude>
    <ClInclude Include="Engine\3d\line\LineRenderer.h">
      <Filter>Engine\3d\line</Filter>
    </ClInclude>
    <ClInclude Include="Engine\3d\metaball\MarchingCubesTable.h">
      <Filter>Engine\3d\metaball</Filter>
    </ClInclude>
    <ClInclude Include="Engine\3d\metaball\MetaBall.h">
      <Filter>Engine\3d\metaball</Filter>
    </ClInclude>
    <ClInclude Include="Engine\3d\metaball\MetaBallGroupManager.h">
      <Filter>Engine\3d\metaball</Filter>
    </ClInclude>
    <ClInclude Include="Engine\3d\metaball\MetaBallObject.h">
      <Filter>Engine\3d\metaball</Filter>
    </ClInclude>
    <ClInclude Include="Engine\3d\Model\Material\Material.h">
      <Filter>Engine\3d\Model\Material</Filter>
    </ClInclude>
    <ClInclude Include="Engine\3d\Model\Mesh\Mesh.h">
      <Filter>Engine\3d\Model\Mesh</Filter>
    </ClInclude>
    <ClInclude Include="Engine\3d\Model\Model.h">
      <Filter>Engine\3d\Model</Filter>
    </ClInclude>
    <ClInclude Include="Engine\3d\Model\ModelCommon.h">
      <Filter>Engine\3d\Model</Filter>
    </ClInclude>
    <ClInclude Include="Engine\3d\Model\ModelStructs.h">
      <Filter>Engine\3d\Model</Filter>
    </ClInclude>
    <ClInclude Include="Engine\3d\Object\Base\BaseObject.h">
      <Filter>Engine\3d\Object\Base</Filter>
    </ClInclude>
    <ClInclude Include="Engine\3d\Object\Base\BaseObjectManager.h">
      <Filter>Engine\3d\Object\Base</Filter>
    </ClInclude>
    <ClInclude Include="Engine\3d\Object\Object3d.h">
      <Filter>Engine\3d\Object</Filter>
    </ClInclude>
    <ClInclude Include="Engine\3d\Object\Object3dCommon.h">
      <Filter>Engine\3d\Object</Filter>
    </ClInclude>
    <ClInclude Include="Engine\3d\object\Object3dInstancing.h">
      <Filter>Engine\3d\object</Filter>
    </ClInclude>
    <ClInclude Include="Engine\3d\particle\gpu\ParticleCSEditor.h">
      <Filter>Engine\3d\particle\gpu</Filter>
    </ClInclude>
    <ClInclude Include="Engine\3d\particle\gpu\ParticleCSEmitter.h">
      <Filter>Engine\3d\particle\gpu</Filter>
    </ClInclude>
    <ClInclude Include="Engine\3d\particle\gpu\ParticleCSFieldManager.h">
      <Filter>Engine\3d\particle\gpu</Filter>
    </ClInclude>
    <ClInclude Include="Engine\3d\particle\gpu\ParticleCSFieldSettingOverride.h">
      <Filter>Engine\3d\particle\gpu</Filter>
    </ClInclude>
    <ClInclude Include="Engine\3d\particle\gpu\ParticleCSGroup.h">
      <Filter>Engine\3d\particle\gpu</Filter>
    </ClInclude>
    <ClInclude Include="Engine\3d\particle\gpu\ParticleCSGroupManager.h">
      <Filter>Engine\3d\particle\gpu</Filter>
    </ClInclude>
    <ClInclude Include="Engine\3d\particle\gpu\ParticleCSSpawner.h">
      <Filter>Engine\3d\particle\gpu</Filter>
    </ClInclude>
    <ClInclude Include="Engine\3d\Particle\ParticleCommon.h">
      <Filter>Engine\3d\Particle</Filter>
    </ClInclude>
    <ClInclude Include="Engine\3d\Particle\ParticleEditor.h">
      <Filter>Engine\3d\Particle</Filter>
    </ClInclude>
    <ClInclude Include="Engine\3d\Particle\ParticleEmitter.h">
      <Filter>Engine\3d\Particle</Filter>
    </ClInclude>
    <ClInclude Include="Engine\3d\Particle\ParticleGroup.h">
      <Filter>Engine\3d\Particle</Filter>
    </ClInclude>
    <ClInclude Include="Engine\3d\Particle\ParticleGroupManager.h">
      <Filter>Engine\3d\Particle</Filter>
    </ClInclude>
    <ClInclude Include="Engine\3d\Particle\ParticleManager.h">
      <Filter>Engine\3d\Particle</Filter>
    </ClInclude>
    <ClInclude Include="Engine\3d\Particle\ParticleStruct.h">
      <Filter>Engine\3d\Particle</Filter>
    </ClInclude>
    <ClInclude Include="Engine\3d\Primitive\PrimitiveModel.h">
      <Filter>Engine\3d\Primitive</Filter>
    </ClInclude>
    <ClInclude Include="Engine\3d\Shadow\ShadowMap.h">
      <Filter>Engine\3d\Shadow</Filter>
    </ClInclude>
    <ClInclude Include="Engine\3d\SkyBox\SkyBox.h">
      <Filter>Engine\3d\SkyBox</Filter>
    </ClInclude>
    <ClInclude Include="Engine\3d\Transform\ObjColor.h">
      <Filter>Engine\3d\Transform</Filter>
    </ClInclude>
    <ClInclude Include="Engine\3d\Transform\WorldTransform.h">
      <Filter>Engine\3d\Transform</Filter>
    </ClInclude>
    <ClInclude Include="Engine\Audio\Audio.h">
      <Filter>Engine\Audio</Filter>
    </ClInclude>
    <ClInclude Include="Engine\Base\Command\DXCommandList.h">
      <Filter>Engine\Base\Command</Filter>
    </ClInclude>
    <ClInclude Include="Engine\Base\Command\DXCommandQueue.h">
      <Filter>Engine\Base\Command</Filter>
    </ClInclude>
    <ClInclude Include="Engine\Base\Device\DXDevice.h">
      <Filter>Engine\Base\Device</Filter>
    </ClInclude>
    <ClInclude Include="Engine\Base\DirectXCommon.h">
      <Filter>Engine\Base</Filter>
    </ClInclude>
    <ClInclude Include="Engine\Base\Frame\FrameRateLimiter.h">
      <Filter>Engine\Base\Frame</Filter>
    </ClInclude>
    <ClInclude Include="Engine\Base\Resource\ResourceFactory.h">
      <Filter>Engine\Base\Resource</Filter>
    </ClInclude>
    <ClInclude Include="Engine\Base\Shader\ShaderCompiler.h">
      <Filter>Engine\Base\Shader</Filter>
    </ClInclude>
    <ClInclude Include="Engine\Base\SwapChain\DXSwapChain.h">
      <Filter>Engine\Base\SwapChain</Filter>
    </ClInclude>
    <ClInclude Include="Engine\base\window\WinApp.h">
      <Filter>Engine\base\window</Filter>
    </ClInclude>
    <ClInclude Include="Engine\Core\Framework.h">
      <Filter>Engine\Core</Filter>
    </ClInclude>
    <ClInclude Include="Engine\Frame\Frame.h">
      <Filter>Engine\Frame</Filter>
    </ClInclude>
    <ClInclude Include="Engine\Input\GamePad.h">
      <Filter>Engine\Input</Filter>
    </ClInclude>
    <ClInclude Include="Engine\Input\Input.h">
      <Filter>Engine\Input</Filter>
    </ClInclude>
    <ClInclude Include="Engine\Input\Mouse.h">
      <Filter>Engine\Input</Filter>
    </ClInclude>
    <ClInclude Include="Engine\Math\Easing.h">
      <Filter>Engine\Math</Filter>
    </ClInclude>
    <ClInclude Include="Engine\Math\MyMath.h">
      <Filter>Engine\Math</Filter>
    </ClInclude>
    <ClInclude Include="Engine\Math\Random.h">
      <Filter>Engine\Math</Filter>
    </ClInclude>
    <ClInclude Include="Engine\Math\type\Matrix3x3.h">
      <Filter>Engine\Math\type</Filter>
    </ClInclude>
    <ClInclude Include="Engine\Math\type\Matrix4x4.h">
      <Filter>Engine\Math\type</Filter>
    </ClInclude>
    <ClInclude Include="Engine\Math\type\Quaternion.h">
      <Filter>Engine\Math\type</Filter>
    </ClInclude>
    <ClInclude Include="Engine\Math\type\Vector2.h">
      <Filter>Engine\Math\type</Filter>
    </ClInclude>
    <ClInclude Include="Engine\Math\type\Vector3.h">
      <Filter>Engine\Math\type</Filter>
    </ClInclude>
    <ClInclude Include="Engine\Math\type\Vector4.h">
      <Filter>Engine\Math\type</Filter>
    </ClInclude>
    <ClInclude Include="Engine\offscreen\effect\IPostEffectParams.h">
      <Filter>Engine\offscreen\effect</Filter>
    </ClInclude>
    <ClInclude Include="Engine\offscreen\effect\PostEffectChain.h">
      <Filter>Engine\offscreen\effect</Filter>
    </ClInclude>
    <ClInclude Include="Engine\offscreen\effect\PostEffectDataManager.h">
      <Filter>Engine\offscreen\effect</Filter>
    </ClInclude>
    <ClInclude Include="Engine\offscreen\effect\PostEffectParameters.h">
      <Filter>Engine\offscreen\effect</Filter>
    </ClInclude>
    <ClInclude Include="Engine\offscreen\effect\PostEffectParamsFactory.h">
      <Filter>Engine\offscreen\effect</Filter>
    </ClInclude>
    <ClInclude Include="Engine\offscreen\effect\PostEffectParamsImpl.h">
      <Filter>Engine\offscreen\effect</Filter>
    </ClInclude>
    <ClInclude Include="Engine\offscreen\effect\PostEffectRenderer.h">
      <Filter>Engine\offscreen\effect</Filter>
    </ClInclude>
    <ClInclude Include="Engine\OffScreen\OffScreen.h">
      <Filter>Engine\OffScreen</Filter>
    </ClInclude>
    <ClInclude Include="Engine\OffScreen\RendererBuffer.h">
      <Filter>Engine\OffScreen</Filter>
    </ClInclude>
    <ClInclude Include="Engine\render\deferred\DeferredRenderer.h">
      <Filter>Engine\render\deferred</Filter>
    </ClInclude>
    <ClInclude Include="Engine\Render\DrawGroupManager.h">
      <Filter>Engine\Render</Filter>
    </ClInclude>
    <ClInclude Include="Engine\Render\DrawSystem.h">
      <Filter>Engine\Render</Filter>
    </ClInclude>
    <ClInclude Include="Engine\Scene\BaseScene.h">
      <Filter>Engine\Scene</Filter>
    </ClInclude>
    <ClInclude Include="Engine\Utility\Asset\AssetPath.h">
      <Filter>Engine\Utility\Asset</Filter>
    </ClInclude>
    <ClInclude Include="Engine\utility\browser\ShowFolder.h">
      <Filter>Engine\utility\browser</Filter>
    </ClInclude>
    <ClInclude Include="Engine\Utility\Collider\ColliderBase.h">
      <Filter>Engine\Utility\Collider</Filter>
    </ClInclude>
    <ClInclude Include="Engine\Utility\Collider\ColliderTagManager.h">
      <Filter>Engine\Utility\Collider</Filter>
    </ClInclude>
    <ClInclude Include="Engine\Utility\Collider\CollisionManager.h">
      <Filter>Engine\Utility\Collider</Filter>
    </ClInclude>
    <ClInclude Include="Engine\Utility\Collider\type\AABBCollider.h">
      <Filter>Engine\Utility\Collider\type</Filter>
    </ClInclude>
    <ClInclude Include="Engine\Utility\Collider\type\CylinderCollider.h">
      <Filter>Engine\Utility\Collider\type</Filter>
    </ClInclude>
    <ClInclude Include="Engine\Utility\Collider\type\MeshCollider.h">
      <Filter>Engine\Utility\Collider\type</Filter>
    </ClInclude>
    <ClInclude Include="Engine\Utility\Collider\type\OBBCollider.h">
      <Filter>Engine\Utility\Collider\type</Filter>
    </ClInclude>
    <ClInclude Include="Engine\Utility\Collider\type\SphereCollider.h">
      <Filter>Engine\Utility\Collider\type</Filter>
    </ClInclude>
    <ClInclude Include="Engine\Utility\Data\DataHandler.h">
      <Filter>Engine\Utility\Data</Filter>
    </ClInclude>
    <ClInclude Include="Engine\Utility\Debug\ImGui\AssetDragDrop.h">
      <Filter>Engine\Utility\Debug\ImGui</Filter>
    </ClInclude>
    <ClInclude Include="Engine\utility\debug\imgui\DebugUIHelper.h">
      <Filter>Engine\utility\debug\imgui</Filter>
    </ClInclude>
    <ClInclude Include="Engine\utility\debug\imgui\ImGuiManager.h">
      <Filter>Engine\utility\debug\imgui</Filter>
    </ClInclude>
    <ClInclude Include="Engine\Utility\Debug\ImGui\ImGuiNotification.h">
      <Filter>Engine\Utility\Debug\ImGui</Filter>
    </ClInclude>
    <ClInclude Include="Engine\Utility\Debug\ImGui\ImGuizmoManager.h">
      <Filter>Engine\Utility\Debug\ImGui</Filter>
    </ClInclude>
    <ClInclude Include="Engine\utility\debug\leak\D3DResourceLeakChecker.h">
      <Filter>Engine\utility\debug\leak</Filter>
    </ClInclude>
    <ClInclude Include="Engine\Utility\Debug\Log\Logger.h">
      <Filter>Engine\Utility\Debug\Log</Filter>
    </ClInclude>
    <ClInclude Include="Engine\utility\debug\param\GameParamHub.h">
      <Filter>Engine\utility\debug\param</Filter>
    </ClInclude>
    <ClInclude Include="Engine\utility\debug\profiler\CpuProfiler.h">
      <Filter>Engine\utility\debug\profiler</Filter>
    </ClInclude>
    <ClInclude Include="Engine\utility\debug\profiler\GpuProfiler.h">
      <Filter>Engine\utility\debug\profiler</Filter>
    </ClInclude>
    <ClInclude Include="Engine\Utility\Edit\LevelData.h">
      <Filter>Engine\Utility\Edit</Filter>
    </ClInclude>
    <ClInclude Include="Engine\utility\edit\motion\MotionEditor.h">
      <Filter>Engine\utility\edit\motion</Filter>
    </ClInclude>
    <ClInclude Include="Engine\Utility\edit\play\PlayModeManager.h">
      <Filter>Engine\Utility\edit\play</Filter>
    </ClInclude>
    <ClInclude Include="Engine\utility\edit\shortcut\ShortcutManager.h">
      <Filter>Engine\utility\edit\shortcut</Filter>
    </ClInclude>
    <ClInclude Include="Engine\utility\edit\undo\ImGuiUndoTracker.h">
      <Filter>Engine\utility\edit\undo</Filter>
    </ClInclude>
    <ClInclude Include="Engine\utility\edit\undo\UndoRedoManager.h">
      <Filter>Engine\utility\edit\undo</Filter>
    </ClInclude>
    <ClInclude Include="Engine\Utility\Graphics\Dsv\DsvManager.h">
      <Filter>Engine\Utility\Graphics\Dsv</Filter>
    </ClInclude>
    <ClInclude Include="Engine\Utility\Graphics\Model\ModelManager.h">
      <Filter>Engine\Utility\Graphics\Model</Filter>
    </ClInclude>
    <ClInclude Include="Engine\Utility\graphics\pipeline\ComputeEffectPipeline.h">
      <Filter>Engine\Utility\graphics\pipeline</Filter>
    </ClInclude>
    <ClInclude Include="Engine\Utility\Graphics\PipeLine\ComputePipeLineManager.h">
      <Filter>Engine\Utility\Graphics\PipeLine</Filter>
    </ClInclude>
    <ClInclude Include="Engine\Utility\Graphics\PipeLine\PipeLineManager.h">
      <Filter>Engine\Utility\Graphics\PipeLine</Filter>
    </ClInclude>
    <ClInclude Include="Engine\Utility\graphics\pipeline\ShaderRootSignature.h">
      <Filter>Engine\Utility\graphics\pipeline</Filter>
    </ClInclude>
    <ClInclude Include="Engine\Utility\Graphics\Rtv\RtvManager.h">
      <Filter>Engine\Utility\Graphics\Rtv</Filter>
    </ClInclude>
    <ClInclude Include="Engine\Utility\Graphics\Srv\SrvManager.h">
      <Filter>Engine\Utility\Graphics\Srv</Filter>
    </ClInclude>
    <ClInclude Include="Engine\Utility\Graphics\Texture\TextureManager.h">
      <Filter>Engine\Utility\Graphics\Texture</Filter>
    </ClInclude>
    <ClInclude Include="Engine\utility\loader\csv\CsvLoad.h">
      <Filter>Engine\utility\loader\csv</Filter>
    </ClInclude>
    <ClInclude Include="Engine\Utility\Scene\SceneManager.h">
      <Filter>Engine\Utility\Scene</Filter>
    </ClInclude>
    <ClInclude Include="Engine\Utility\Scene\SceneRegistry.h">
      <Filter>Engine\Utility\Scene</Filter>
    </ClInclude>
    <ClInclude Include="Engine\Utility\Scene\SceneTransition.h">
      <Filter>Engine\Utility\Scene</Filter>
    </ClInclude>
    <ClInclude Include="Engine\Utility\String\StringUtility.h">
      <Filter>Engine\Utility\String</Filter>
    </ClInclude>
    <ClInclude Include="externals\imgui\imconfig.h">
      <Filter>externals\imgui</Filter>
    </ClInclude>
    <ClInclude Include="externals\imgui\ImCurveEdit.h">
      <Filter>externals\imgui</Filter>
    </ClInclude>
    <ClInclude Include="externals\imgui\ImGradient.h">
      <Filter>externals\imgui</Filter>
    </ClInclude>
    <ClInclude Include="externals\imgui\imgui_impl_dx12.h">
      <Filter>externals\imgui</Filter>
    </ClInclude>
    <ClInclude Include="externals\imgui\imgui_impl_win32.h">
      <Filter>externals\imgui</Filter>
    </ClInclude>
    <ClInclude Include="externals\imgui\imgui_internal.h">
      <Filter>externals\imgui</Filter>
    </ClInclude>
    <ClInclude Include="externals\imgui\imgui-knobs.h">
      <Filter>externals\imgui</Filter>
    </ClInclude>
    <ClInclude Include="externals\imgui\imgui.h">
      <Filter>externals\imgui</Filter>
    </ClInclude>
    <ClInclude Include="externals\imgui\ImGuizmo.h">
      <Filter>externals\imgui</Filter>
    </ClInclude>
    <ClInclude Include="externals\imgui\imstb_rectpack.h">
      <Filter>externals\imgui</Filter>
    </ClInclude>
    <ClInclude Include="externals\imgui\imstb_textedit.h">
      <Filter>externals\imgui</Filter>
    </ClInclude>
    <ClInclude Include="externals\imgui\imstb_truetype.h">
      <Filter>externals\imgui</Filter>
    </ClInclude>
    <ClInclude Include="resource.h" />
  </ItemGroup>
  <ItemGroup>
    <DxcRuntime Include="$(WindowsSdkDir)bin\$(TargetPlatformVersion)\x64\dxcompiler.dll" />
    <DxcRuntime Include="$(WindowsSdkDir)bin\$(TargetPlatformVersion)\x64\dxil.dll" />
  </ItemGroup>
  <ItemGroup>
    <Font Include="Engine\EngineAssets\fonts\fa-solid-900.ttf">
      <Filter>Engine\EngineAssets\fonts</Filter>
    </Font>
    <Font Include="Engine\EngineAssets\fonts\NotoSansJP-Medium.ttf">
      <Filter>Engine\EngineAssets\fonts</Filter>
    </Font>
    <Font Include="Engine\EngineAssets\fonts\PixelMplus12-Regular.ttf">
      <Filter>Engine\EngineAssets\fonts</Filter>
    </Font>
    <Font Include="Engine\EngineAssets\fonts\YDWyadewanoji.ttf">
      <Filter>Engine\EngineAssets\fonts</Filter>
    </Font>
  </ItemGroup>
  <ItemGroup>
    <None Include=".clang-format" />
    <None Include=".editorconfig" />
    <None Include=".gitattributes" />
    <None Include=".gitignore" />
    <None Include="Engine\EngineAssets\shaders\Deferred\Deferred.hlsli">
      <Filter>Engine\EngineAssets\shaders\Deferred</Filter>
    </None>
    <None Include="Engine\EngineAssets\shaders\Deferred\DeferredLighting.PS.hlsl">
      <Filter>Engine\EngineAssets\shaders\Deferred</Filter>
    </None>
    <None Include="Engine\EngineAssets\shaders\Deferred\GBuffer.PS.hlsl">
      <Filter>Engine\EngineAssets\shaders\Deferred</Filter>
    </None>
    <None Include="Engine\EngineAssets\shaders\Deferred\LightCulling.CS.hlsl">
      <Filter>Engine\EngineAssets\shaders\Deferred</Filter>
    </None>
    <None Include="Engine\EngineAssets\shaders\Deferred\ParticleLightGen.CS.hlsl">
      <Filter>Engine\EngineAssets\shaders\Deferred</Filter>
    </None>
    <None Include="Engine\EngineAssets\shaders\Line\Line3d.hlsli">
      <Filter>Engine\EngineAssets\shaders\Line</Filter>
    </None>
    <None Include="Engine\EngineAssets\shaders\Line\Line3d.PS.hlsl">
      <Filter>Engine\EngineAssets\shaders\Line</Filter>
    </None>
    <None Include="Engine\EngineAssets\shaders\Line\Line3d.VS.hlsl">
      <Filter>Engine\EngineAssets\shaders\Line</Filter>
    </None>
    <None Include="Engine\EngineAssets\shaders\Object\Object3d.hlsli">
      <Filter>Engine\EngineAssets\shaders\Object</Filter>
    </None>
    <None Include="Engine\EngineAssets\shaders\Object\Object3d.PS.hlsl">
      <Filter>Engine\EngineAssets\shaders\Object</Filter>
    </None>
    <None Include="Engine\EngineAssets\shaders\Object\Object3d.VS.hlsl">
      <Filter>Engine\EngineAssets\shaders\Object</Filter>
    </None>
    <None Include="Engine\EngineAssets\shaders\Object\Object3dInstanced.VS.hlsl">
      <Filter>Engine\EngineAssets\shaders\Object</Filter>
    </None>
    <None Include="Engine\EngineAssets\shaders\OffScreen\Bloom.CS.hlsl">
      <Filter>Engine\EngineAssets\shaders\OffScreen</Filter>
    </None>
    <None Include="Engine\EngineAssets\shaders\OffScreen\Bloom.PS.hlsl">
      <Filter>Engine\EngineAssets\shaders\OffScreen</Filter>
    </None>
    <None Include="Engine\EngineAssets\shaders\OffScreen\BoxFilter.PS.hlsl">
      <Filter>Engine\EngineAssets\shaders\OffScreen</Filter>
    </None>
    <None Include="Engine\EngineAssets\shaders\OffScreen\Cinematic.PS.hlsl">
      <Filter>Engine\EngineAssets\shaders\OffScreen</Filter>
    </None>
    <None Include="Engine\EngineAssets\shaders\OffScreen\CopyImage.PS.hlsl">
      <Filter>Engine\EngineAssets\shaders\OffScreen</Filter>
    </None>
    <None Include="Engine\EngineAssets\shaders\OffScreen\DepthBasedOutline.PS.hlsl">
      <Filter>Engine\EngineAssets\shaders\OffScreen</Filter>
    </None>
    <None Include="Engine\EngineAssets\shaders\OffScreen\DepthOfField.CS.hlsl">
      <Filter>Engine\EngineAssets\shaders\OffScreen</Filter>
    </None>
    <None Include="Engine\EngineAssets\shaders\OffScreen\DepthOutline.CS.hlsl">
      <Filter>Engine\EngineAssets\shaders\OffScreen</Filter>
    </None>
    <None Include="Engine\EngineAssets\shaders\OffScreen\Dissolve.PS.hlsl">
      <Filter>Engine\EngineAssets\shaders\OffScreen</Filter>
    </None>
    <None Include="Engine\EngineAssets\shaders\OffScreen\FocusLine.PS.hlsl">
      <Filter>Engine\EngineAssets\shaders\OffScreen</Filter>
    </None>
    <None Include="Engine\EngineAssets\shaders\OffScreen\FullScreen.hlsli">
      <Filter>Engine\EngineAssets\shaders\OffScreen</Filter>
    </None>
    <None Include="Engine\EngineAssets\shaders\OffScreen\FullScreen.VS.hlsl">
      <Filter>Engine\EngineAssets\shaders\OffScreen</Filter>
    </None>
    <None Include="Engine\EngineAssets\shaders\OffScreen\GaussianBlur.CS.hlsl">
      <Filter>Engine\EngineAssets\shaders\OffScreen</Filter>
    </None>
    <None Include="Engine\EngineAssets\shaders\OffScreen\GaussianFilter.PS.hlsl">
      <Filter>Engine\EngineAssets\shaders\OffScreen</Filter>
    </None>
    <None Include="Engine\EngineAssets\shaders\OffScreen\Grayscale.PS.hlsl">
      <Filter>Engine\EngineAssets\shaders\OffScreen</Filter>
    </None>
    <None Include="Engine\EngineAssets\shaders\OffScreen\LuminanceBasedOutline.PS.hlsl">
      <Filter>Engine\EngineAssets\shaders\OffScreen</Filter>
    </None>
    <None Include="Engine\EngineAssets\shaders\OffScreen\Monochrome.PS.hlsl">
      <Filter>Engine\EngineAssets\shaders\OffScreen</Filter>
    </None>
    <None Include="Engine\EngineAssets\shaders\OffScreen\Pixelate.PS.hlsl">
      <Filter>Engine\EngineAssets\shaders\OffScreen</Filter>
    </None>
    <None Include="Engine\EngineAssets\shaders\OffScreen\RadialBlur.PS.hlsl">
      <Filter>Engine\EngineAssets\shaders\OffScreen</Filter>
    </None>
    <None Include="Engine\EngineAssets\shaders\OffScreen\Random.PS.hlsl">
      <Filter>Engine\EngineAssets\shaders\OffScreen</Filter>
    </None>
    <None Include="Engine\EngineAssets\shaders\OffScreen\Retro.PS.hlsl">
      <Filter>Engine\EngineAssets\shaders\OffScreen</Filter>
    </None>
    <None Include="Engine\EngineAssets\shaders\OffScreen\Shockwave.PS.hlsl">
      <Filter>Engine\EngineAssets\shaders\OffScreen</Filter>
    </None>
    <None Include="Engine\EngineAssets\shaders\OffScreen\Vignette.PS.hlsl">
      <Filter>Engine\EngineAssets\shaders\OffScreen</Filter>
    </None>
    <None Include="Engine\EngineAssets\shaders\Particle\CSParticle\CountParticle.CS.hlsl">
      <Filter>Engine\EngineAssets\shaders\Particle\CSParticle</Filter>
    </None>
    <None Include="Engine\EngineAssets\shaders\Particle\CSParticle\CurlNoise.hlsli">
      <Filter>Engine\EngineAssets\shaders\Particle\CSParticle</Filter>
    </None>
    <None Include="Engine\EngineAssets\shaders\Particle\CSParticle\EmitParticle.CS.hlsl">
      <Filter>Engine\EngineAssets\shaders\Particle\CSParticle</Filter>
    </None>
    <None Include="Engine\EngineAssets\shaders\Particle\CSParticle\InitParticle.CS.hlsl">
      <Filter>Engine\EngineAssets\shaders\Particle\CSParticle</Filter>
    </None>
    <None Include="Engine\EngineAssets\shaders\Particle\CSParticle\ParticleCS.PS.hlsl">
      <Filter>Engine\EngineAssets\shaders\Particle\CSParticle</Filter>
    </None>
    <None Include="Engine\EngineAssets\shaders\Particle\CSParticle\ParticleCS.VS.hlsl">
      <Filter>Engine\EngineAssets\shaders\Particle\CSParticle</Filter>
    </None>
    <None Include="Engine\EngineAssets\shaders\Particle\CSParticle\ResetArgs.CS.hlsl">
      <Filter>Engine\EngineAssets\shaders\Particle\CSParticle</Filter>
    </None>
    <None Include="Engine\EngineAssets\shaders\Particle\CSParticle\UpdateParticle.CS.hlsl">
      <Filter>Engine\EngineAssets\shaders\Particle\CSParticle</Filter>
    </None>
    <None Include="Engine\EngineAssets\shaders\Particle\CSParticle\UpdateParticleLite.CS.hlsl">
      <Filter>Engine\EngineAssets\shaders\Particle\CSParticle</Filter>
    </None>
    <None Include="Engine\EngineAssets\shaders\Particle\Particle.hlsli">
      <Filter>Engine\EngineAssets\shaders\Particle</Filter>
    </None>
    <None Include="Engine\EngineAssets\shaders\Particle\Particle.PS.hlsl">
      <Filter>Engine\EngineAssets\shaders\Particle</Filter>
    </None>
    <None Include="Engine\EngineAssets\shaders\Particle\Particle.VS.hlsl">
      <Filter>Engine\EngineAssets\shaders\Particle</Filter>
    </None>
    <None Include="Engine\EngineAssets\shaders\Random\Random.hlsli">
      <Filter>Engine\EngineAssets\shaders\Random</Filter>
    </None>
    <None Include="Engine\EngineAssets\shaders\Shadow\ShadowMap.VS.hlsl">
      <Filter>Engine\EngineAssets\shaders\Shadow</Filter>
    </None>
    <None Include="Engine\EngineAssets\shaders\Shadow\ShadowMapInstanced.VS.hlsl">
      <Filter>Engine\EngineAssets\shaders\Shadow</Filter>
    </None>
    <None Include="Engine\EngineAssets\shaders\Skinning\Skinning.CS.hlsl">
      <Filter>Engine\EngineAssets\shaders\Skinning</Filter>
    </None>
    <None Include="Engine\EngineAssets\shaders\Skinning\Skinning.hlsli">
      <Filter>Engine\EngineAssets\shaders\Skinning</Filter>
    </None>
    <None Include="Engine\EngineAssets\shaders\Skinning\Skinning.VS.hlsl">
      <Filter>Engine\EngineAssets\shaders\Skinning</Filter>
    </None>
    <None Include="Engine\EngineAssets\shaders\Skybox\Skybox.hlsli">
      <Filter>Engine\EngineAssets\shaders\Skybox</Filter>
    </None>
    <None Include="Engine\EngineAssets\shaders\Skybox\Skybox.PS.hlsl">
      <Filter>Engine\EngineAssets\shaders\Skybox</Filter>
    </None>
    <None Include="Engine\EngineAssets\shaders\Skybox\Skybox.VS.hlsl">
      <Filter>Engine\EngineAssets\shaders\Skybox</Filter>
    </None>
    <None Include="Engine\EngineAssets\shaders\Sprite\Sprite.hlsli">
      <Filter>Engine\EngineAssets\shaders\Sprite</Filter>
    </None>
    <None Include="Engine\EngineAssets\shaders\Sprite\Sprite.PS.hlsl">
      <Filter>Engine\EngineAssets\shaders\Sprite</Filter>
    </None>
    <None Include="Engine\EngineAssets\shaders\Sprite\Sprite.VS.hlsl">
      <Filter>Engine\EngineAssets\shaders\Sprite</Filter>
    </None>
    <None Include="exclusion.dic" />
    <None Include="Hagine.vcxproj.user" />
    <None Include="README.md" />
  </ItemGroup>
  <ItemGroup>
    <Text Include="externals\imgui\LICENSE.txt">
      <Filter>externals\imgui</Filter>
    </Text>
  </ItemGroup>
</Project>